
Microsoft Visual Studio Solution File, Format Version 12.00
# Visual Studio Version 17
VisualStudioVersion = 17.14.36310.24 d17.14
MinimumVisualStudioVersion = 10.0.40219.1
Project("{FAE04EC0-301F-11D3-BF4B-00C04F79EFBC}") = "Shortcut Emitter", "Shortcut Emitter.csproj", "{49A7BA56-9CB4-4F8E-8A31-FAC7ACA4579E}"
EndProject
Global
	GlobalSection(SolutionConfigurationPlatforms) = preSolution
		Debug|Any CPU = Debug|Any CPU
		Release|Any CPU = Release|Any CPU
	EndGlobalSection
	GlobalSection(ProjectConfigurationPlatforms) = postSolution
		{49A7BA56-9CB4-4F8E-8A31-FAC7ACA4579E}.Debug|Any CPU.ActiveCfg = Debug|Any CPU
		{49A7BA56-9CB4-4F8E-8A31-FAC7ACA4579E}.Debug|Any CPU.Build.0 = Debug|Any CPU
		{49A7BA56-9CB4-4F8E-8A31-FAC7ACA4579E}.Release|Any CPU.ActiveCfg = Release|Any CPU
		{49A7BA56-9CB4-4F8E-8A31-FAC7ACA4579E}.Release|Any CPU.Build.0 = Release|Any CPU
	EndGlobalSection
	GlobalSection(SolutionProperties) = preSolution
		HideSolutionNode = FALSE
	EndGlobalSection
	GlobalSection(ExtensibilityGlobals) = postSolution
		SolutionGuid = {459F5352-90B0-4642-B6CA-D3EA5725ADAA}
	EndGlobalSection
EndGlobal
